{
  "name": "test",
  "version": "1.0.0",
  "lockfileVersion": 1,
  "requires": true,
  "dependencies": {
    "@std/esm": {
      "version": "0.15.0",
      "resolved": "https://registry.npmjs.org/@std/esm/-/esm-0.15.0.tgz",
      "integrity": "sha512-JalZAUhKFfZZqb+G/nGFGdcUBnKBAol+GH5hqEqIhMeZcaPURo9DQPJ4Epw8fV0GERXf8BdNwG73rO0fLBRnjQ==",
      "dev": true
    },
    "lodash-es": {
      "version": "4.17.4",
      "resolved": "https://registry.npmjs.org/lodash-es/-/lodash-es-4.17.4.tgz",
      "integrity": "sha1-3MHXVS4VCgZABzupyzHXDwMpUOc=",
      "dev": true
    }
  }
}
